Microsoft Visual Studio Solution File, Format Version 11.00
# Visual Studio 2010
Project("{FAE04EC0-301F-11D3-BF4B-00C04F79EFBC}") = "Assembly-CSharp", "Assembly-CSharp.csproj", "{2BFFF98E-74F3-5586-94B6-EEAD58DDAB84}"
EndProject
Project("{FAE04EC0-301F-11D3-BF4B-00C04F79EFBC}") = "Assembly-CSharp-Editor", "Assembly-CSharp-Editor.csproj", "{F3561898-123F-5744-D6D8-69C3874850A4}"
EndProject
Global
	GlobalSection(SolutionConfigurationPlatforms) = preSolution
		Debug|Any CPU = Debug|Any CPU
		Release|Any CPU = Release|Any CPU
	EndGlobalSection
	GlobalSection(ProjectConfigurationPlatforms) = postSolution
		{2BFFF98E-74F3-5586-94B6-EEAD58DDAB84}.Debug|Any CPU.ActiveCfg = Debug|Any CPU
		{2BFFF98E-74F3-5586-94B6-EEAD58DDAB84}.Debug|Any CPU.Build.0 = Debug|Any CPU
		{2BFFF98E-74F3-5586-94B6-EEAD58DDAB84}.Release|Any CPU.ActiveCfg = Release|Any CPU
		{2BFFF98E-74F3-5586-94B6-EEAD58DDAB84}.Release|Any CPU.Build.0 = Release|Any CPU
		{F3561898-123F-5744-D6D8-69C3874850A4}.Debug|Any CPU.ActiveCfg = Debug|Any CPU
		{F3561898-123F-5744-D6D8-69C3874850A4}.Debug|Any CPU.Build.0 = Debug|Any CPU
		{F3561898-123F-5744-D6D8-69C3874850A4}.Release|Any CPU.ActiveCfg = Release|Any CPU
		{F3561898-123F-5744-D6D8-69C3874850A4}.Release|Any CPU.Build.0 = Release|Any CPU
	EndGlobalSection
	GlobalSection(SolutionProperties) = preSolution
		HideSolutionNode = FALSE
	EndGlobalSection
	GlobalSection(MonoDevelopProperties) = preSolution
		StartupItem = Assembly-CSharp.csproj
	EndGlobalSection
EndGlobal
